
Microsoft Visual Studio Solution File, Format Version 12.00
# Visual Studio Version 17
VisualStudioVersion = 17.10.35013.160
MinimumVisualStudioVersion = 10.0.40219.1
Project("{FAE04EC0-301F-11D3-BF4B-00C04F79EFBC}") = "Movie Rental Store", "Movie Rental Store.csproj", "{C28E9CD1-54F7-4270-935E-7AA625EF57D8}"
EndProject
Global
	GlobalSection(SolutionConfigurationPlatforms) = preSolution
		Debug|Any CPU = Debug|Any CPU
		Release|Any CPU = Release|Any CPU
	EndGlobalSection
	GlobalSection(ProjectConfigurationPlatforms) = postSolution
		{C28E9CD1-54F7-4270-935E-7AA625EF57D8}.Debug|Any CPU.ActiveCfg = Debug|Any CPU
		{C28E9CD1-54F7-4270-935E-7AA625EF57D8}.Debug|Any CPU.Build.0 = Debug|Any CPU
		{C28E9CD1-54F7-4270-935E-7AA625EF57D8}.Release|Any CPU.ActiveCfg = Release|Any CPU
		{C28E9CD1-54F7-4270-935E-7AA625EF57D8}.Release|Any CPU.Build.0 = Release|Any CPU
	EndGlobalSection
	GlobalSection(SolutionProperties) = preSolution
		HideSolutionNode = FALSE
	EndGlobalSection
	GlobalSection(ExtensibilityGlobals) = postSolution
		SolutionGuid = {12324690-773E-4610-AC91-81D5DECC865B}
	EndGlobalSection
EndGlobal
